
Microsoft Visual Studio Solution File, Format Version 12.00
# Visual Studio Version 17
VisualStudioVersion = 17.1.32319.34
MinimumVisualStudioVersion = 10.0.40219.1
Project("{FAE04EC0-301F-11D3-BF4B-00C04F79EFBC}") = "EmployeeApp", "EmployeeApp.csproj", "{FD3CD339-5E0E-418B-870E-BE0522580ED2}"
EndProject
Global
	GlobalSection(SolutionConfigurationPlatforms) = preSolution
		Debug|Any CPU = Debug|Any CPU
		Release|Any CPU = Release|Any CPU
	EndGlobalSection
	GlobalSection(ProjectConfigurationPlatforms) = postSolution
		{FD3CD339-5E0E-418B-870E-BE0522580ED2}.Debug|Any CPU.ActiveCfg = Debug|Any CPU
		{FD3CD339-5E0E-418B-870E-BE0522580ED2}.Debug|Any CPU.Build.0 = Debug|Any CPU
		{FD3CD339-5E0E-418B-870E-BE0522580ED2}.Release|Any CPU.ActiveCfg = Release|Any CPU
		{FD3CD339-5E0E-418B-870E-BE0522580ED2}.Release|Any CPU.Build.0 = Release|Any CPU
	EndGlobalSection
	GlobalSection(SolutionProperties) = preSolution
		HideSolutionNode = FALSE
	EndGlobalSection
	GlobalSection(ExtensibilityGlobals) = postSolution
		SolutionGuid = {C8A89514-9E88-4548-AE9D-6A2E84B6914F}
	EndGlobalSection
EndGlobal
